
Microsoft Visual Studio Solution File, Format Version 12.00
# Visual Studio Version 16
VisualStudioVersion = 16.0.30011.22
MinimumVisualStudioVersion = 10.0.40219.1
Project("{FAE04EC0-301F-11D3-BF4B-00C04F79EFBC}") = "SchoolProject", "SchoolProject.csproj", "{F502BA54-963B-4095-807D-6EB518CABFCE}"
EndProject
Global
	GlobalSection(SolutionConfigurationPlatforms) = preSolution
		Debug|Any CPU = Debug|Any CPU
		Release|Any CPU = Release|Any CPU
	EndGlobalSection
	GlobalSection(ProjectConfigurationPlatforms) = postSolution
		{F502BA54-963B-4095-807D-6EB518CABFCE}.Debug|Any CPU.ActiveCfg = Debug|Any CPU
		{F502BA54-963B-4095-807D-6EB518CABFCE}.Debug|Any CPU.Build.0 = Debug|Any CPU
		{F502BA54-963B-4095-807D-6EB518CABFCE}.Release|Any CPU.ActiveCfg = Release|Any CPU
		{F502BA54-963B-4095-807D-6EB518CABFCE}.Release|Any CPU.Build.0 = Release|Any CPU
	EndGlobalSection
	GlobalSection(SolutionProperties) = preSolution
		HideSolutionNode = FALSE
	EndGlobalSection
	GlobalSection(ExtensibilityGlobals) = postSolution
		SolutionGuid = {683593F3-D8ED-4495-93AD-2EE395838871}
	EndGlobalSection
EndGlobal
